
Microsoft Visual Studio Solution File, Format Version 12.00
# Visual Studio Version 16
VisualStudioVersion = 16.0.31105.61
MinimumVisualStudioVersion = 10.0.40219.1
Project("{FAE04EC0-301F-11D3-BF4B-00C04F79EFBC}") = "WebView2 WPF Test", "WebView2 WPF Test\WebView2 WPF Test.csproj", "{AE52BBC7-F6EA-43CF-B59F-8DE2FFCA2756}"
EndProject
Global
	GlobalSection(SolutionConfigurationPlatforms) = preSolution
		Debug|Any CPU = Debug|Any CPU
		Release|Any CPU = Release|Any CPU
	EndGlobalSection
	GlobalSection(ProjectConfigurationPlatforms) = postSolution
		{AE52BBC7-F6EA-43CF-B59F-8DE2FFCA2756}.Debug|Any CPU.ActiveCfg = Debug|Any CPU
		{AE52BBC7-F6EA-43CF-B59F-8DE2FFCA2756}.Debug|Any CPU.Build.0 = Debug|Any CPU
		{AE52BBC7-F6EA-43CF-B59F-8DE2FFCA2756}.Release|Any CPU.ActiveCfg = Release|Any CPU
		{AE52BBC7-F6EA-43CF-B59F-8DE2FFCA2756}.Release|Any CPU.Build.0 = Release|Any CPU
	EndGlobalSection
	GlobalSection(SolutionProperties) = preSolution
		HideSolutionNode = FALSE
	EndGlobalSection
	GlobalSection(ExtensibilityGlobals) = postSolution
		SolutionGuid = {F80B979D-6EA7-43D4-8B75-F9D72CAD2991}
	EndGlobalSection
EndGlobal
